
Microsoft Visual Studio Solution File, Format Version 12.00
# Visual Studio Version 17
VisualStudioVersion = 17.2.32505.173
MinimumVisualStudioVersion = 10.0.40219.1
Project("{FAE04EC0-301F-11D3-BF4B-00C04F79EFBC}") = "mptr-bookmarks-firefox", "mptr-bookmarks-firefox\mptr-bookmarks-firefox.csproj", "{734B9B82-BC31-41B6-AAC2-2529EF6A6572}"
EndProject
Global
	GlobalSection(SolutionConfigurationPlatforms) = preSolution
		Debug|Any CPU = Debug|Any CPU
		Debug|x64 = Debug|x64
		Release|Any CPU = Release|Any CPU
		Release|x64 = Release|x64
	EndGlobalSection
	GlobalSection(ProjectConfigurationPlatforms) = postSolution
		{734B9B82-BC31-41B6-AAC2-2529EF6A6572}.Debug|Any CPU.ActiveCfg = Debug|Any CPU
		{734B9B82-BC31-41B6-AAC2-2529EF6A6572}.Debug|Any CPU.Build.0 = Debug|Any CPU
		{734B9B82-BC31-41B6-AAC2-2529EF6A6572}.Debug|x64.ActiveCfg = Debug|x64
		{734B9B82-BC31-41B6-AAC2-2529EF6A6572}.Debug|x64.Build.0 = Debug|x64
		{734B9B82-BC31-41B6-AAC2-2529EF6A6572}.Release|Any CPU.ActiveCfg = Release|Any CPU
		{734B9B82-BC31-41B6-AAC2-2529EF6A6572}.Release|Any CPU.Build.0 = Release|Any CPU
		{734B9B82-BC31-41B6-AAC2-2529EF6A6572}.Release|x64.ActiveCfg = Release|x64
		{734B9B82-BC31-41B6-AAC2-2529EF6A6572}.Release|x64.Build.0 = Release|x64
	EndGlobalSection
	GlobalSection(SolutionProperties) = preSolution
		HideSolutionNode = FALSE
	EndGlobalSection
	GlobalSection(ExtensibilityGlobals) = postSolution
		SolutionGuid = {A5C4B11D-C0A2-4C33-84E9-2B7E852E4CA6}
	EndGlobalSection
EndGlobal
